
Microsoft Visual Studio Solution File, Format Version 12.00
# Visual Studio Version 16
VisualStudioVersion = 16.0.31129.286
MinimumVisualStudioVersion = 10.0.40219.1
Project("{FAE04EC0-301F-11D3-BF4B-00C04F79EFBC}") = "TP9_Ejercicio_API-Angular", "TP9_Ejercicio_API-Angular\TP9_Ejercicio_API-Angular.csproj", "{D079FD5F-8AB5-41E3-9799-272FB825C8F1}"
EndProject
Global
	GlobalSection(SolutionConfigurationPlatforms) = preSolution
		Debug|Any CPU = Debug|Any CPU
		Release|Any CPU = Release|Any CPU
	EndGlobalSection
	GlobalSection(ProjectConfigurationPlatforms) = postSolution
		{D079FD5F-8AB5-41E3-9799-272FB825C8F1}.Debug|Any CPU.ActiveCfg = Debug|Any CPU
		{D079FD5F-8AB5-41E3-9799-272FB825C8F1}.Debug|Any CPU.Build.0 = Debug|Any CPU
		{D079FD5F-8AB5-41E3-9799-272FB825C8F1}.Release|Any CPU.ActiveCfg = Release|Any CPU
		{D079FD5F-8AB5-41E3-9799-272FB825C8F1}.Release|Any CPU.Build.0 = Release|Any CPU
	EndGlobalSection
	GlobalSection(SolutionProperties) = preSolution
		HideSolutionNode = FALSE
	EndGlobalSection
	GlobalSection(ExtensibilityGlobals) = postSolution
		SolutionGuid = {3BD3284B-2807-4375-9842-BFCF167D9220}
	EndGlobalSection
EndGlobal
