
Microsoft Visual Studio Solution File, Format Version 12.00
# Visual Studio Version 16
VisualStudioVersion = 16.0.31129.286
MinimumVisualStudioVersion = 10.0.40219.1
Project("{9A19103F-16F7-4668-BE54-9A1E7A4F7556}") = "ConsoleApp2", "ConsoleApp2\ConsoleApp2.csproj", "{2A5256EC-2B77-448B-9872-9F43C9AC4F1B}"
EndProject
Global
	GlobalSection(SolutionConfigurationPlatforms) = preSolution
		Debug|Any CPU = Debug|Any CPU
		Release|Any CPU = Release|Any CPU
	EndGlobalSection
	GlobalSection(ProjectConfigurationPlatforms) = postSolution
		{2A5256EC-2B77-448B-9872-9F43C9AC4F1B}.Debug|Any CPU.ActiveCfg = Debug|Any CPU
		{2A5256EC-2B77-448B-9872-9F43C9AC4F1B}.Debug|Any CPU.Build.0 = Debug|Any CPU
		{2A5256EC-2B77-448B-9872-9F43C9AC4F1B}.Release|Any CPU.ActiveCfg = Release|Any CPU
		{2A5256EC-2B77-448B-9872-9F43C9AC4F1B}.Release|Any CPU.Build.0 = Release|Any CPU
	EndGlobalSection
	GlobalSection(SolutionProperties) = preSolution
		HideSolutionNode = FALSE
	EndGlobalSection
	GlobalSection(ExtensibilityGlobals) = postSolution
		SolutionGuid = {B888E218-1107-4C9A-B42E-DA91A7FB062D}
	EndGlobalSection
EndGlobal
